// !$*UTF8*$!
{
	archiveVersion = 1;
	classes = {
	};
	objectVersion = 46;
	objects = {

/* Begin PBXBuildFile section */
		C20671AD1C1792770006C6B1 /* Core.cpp in Sources */ = {isa = PBXBuildFile; fileRef = C20671AB1C1792770006C6B1 /* Core.cpp */; settings = {ASSET_TAGS = (); }; };
		C20671B21C184FA70006C6B1 /* Runner.cpp in Sources */ = {isa = PBXBuildFile; fileRef = C20671B01C184FA70006C6B1 /* Runner.cpp */; settings = {ASSET_TAGS = (); }; };
		C20671B51C184FCC0006C6B1 /* BaseCore.cpp in Sources */ = {isa = PBXBuildFile; fileRef = C20671B31C184FCC0006C6B1 /* BaseCore.cpp */; settings = {ASSET_TAGS = (); }; };
		C2071E811C15CBBE00648169 /* main.cpp in Sources */ = {isa = PBXBuildFile; fileRef = C2071E801C15CBBE00648169 /* main.cpp */; };
		C2071E881C15CBD700648169 /* OpenGL.framework in Frameworks */ = {isa = PBXBuildFile; fileRef = C2071E871C15CBD700648169 /* OpenGL.framework */; };
		C2071E941C15D67A00648169 /* Graphics.cpp in Sources */ = {isa = PBXBuildFile; fileRef = C2071E921C15D67A00648169 /* Graphics.cpp */; settings = {ASSET_TAGS = (); }; };
		C21729601C1AEC1B00E2869A /* Font.cpp in Sources */ = {isa = PBXBuildFile; fileRef = C217295E1C1AEC1B00E2869A /* Font.cpp */; settings = {ASSET_TAGS = (); }; };
		C228EE161C50DC3C00573F88 /* libglfw.dylib in Frameworks */ = {isa = PBXBuildFile; fileRef = C228EE151C50DC3C00573F88 /* libglfw.dylib */; };
		C2A04FE41C4FE1BD0082FE27 /* image_DXT.c in Sources */ = {isa = PBXBuildFile; fileRef = C2A04FE01C4FE1BD0082FE27 /* image_DXT.c */; };
		C2A04FE51C4FE1BD0082FE27 /* image_helper.c in Sources */ = {isa = PBXBuildFile; fileRef = C2A04FE11C4FE1BD0082FE27 /* image_helper.c */; };
		C2A04FE61C4FE1BD0082FE27 /* SOIL.c in Sources */ = {isa = PBXBuildFile; fileRef = C2A04FE21C4FE1BD0082FE27 /* SOIL.c */; };
		C2A04FE71C4FE1BD0082FE27 /* stb_image_aug.c in Sources */ = {isa = PBXBuildFile; fileRef = C2A04FE31C4FE1BD0082FE27 /* stb_image_aug.c */; };
		C2FF28211C19CFB20094E154 /* Image.cpp in Sources */ = {isa = PBXBuildFile; fileRef = C2FF281F1C19CFB20094E154 /* Image.cpp */; settings = {ASSET_TAGS = (); }; };
/* End PBXBuildFile section */

/* Begin PBXCopyFilesBuildPhase section */
		C2071E7B1C15CBBE00648169 /* CopyFiles */ = {
			isa = PBXCopyFilesBuildPhase;
			buildActionMask = 2147483647;
			dstPath = /usr/share/man/man1/;
			dstSubfolderSpec = 0;
			files = (
			);
			runOnlyForDeploymentPostprocessing = 1;
		};
/* End PBXCopyFilesBuildPhase section */

/* Begin PBXFileReference section */
		C20671AA1C176EF50006C6B1 /* Poly.h */ = {isa = PBXFileReference; lastKnownFileType = sourcecode.c.h; path = Poly.h; sourceTree = "<group>"; };
		C20671AB1C1792770006C6B1 /* Core.cpp */ = {isa = PBXFileReference; fileEncoding = 4; lastKnownFileType = sourcecode.cpp.cpp; path = Core.cpp; sourceTree = "<group>"; };
		C20671AC1C1792770006C6B1 /* Core.hpp */ = {isa = PBXFileReference; fileEncoding = 4; lastKnownFileType = sourcecode.cpp.h; path = Core.hpp; sourceTree = "<group>"; };
		C20671B01C184FA70006C6B1 /* Runner.cpp */ = {isa = PBXFileReference; fileEncoding = 4; lastKnownFileType = sourcecode.cpp.cpp; path = Runner.cpp; sourceTree = "<group>"; };
		C20671B11C184FA70006C6B1 /* Runner.hpp */ = {isa = PBXFileReference; fileEncoding = 4; lastKnownFileType = sourcecode.cpp.h; path = Runner.hpp; sourceTree = "<group>"; };
		C20671B31C184FCC0006C6B1 /* BaseCore.cpp */ = {isa = PBXFileReference; fileEncoding = 4; lastKnownFileType = sourcecode.cpp.cpp; path = BaseCore.cpp; sourceTree = "<group>"; };
		C20671B41C184FCC0006C6B1 /* BaseCore.hpp */ = {isa = PBXFileReference; fileEncoding = 4; lastKnownFileType = sourcecode.cpp.h; path = BaseCore.hpp; sourceTree = "<group>"; };
		C2071E7D1C15CBBE00648169 /* GLFW3 */ = {isa = PBXFileReference; explicitFileType = "compiled.mach-o.executable"; includeInIndex = 0; path = GLFW3; sourceTree = BUILT_PRODUCTS_DIR; };
		C2071E801C15CBBE00648169 /* main.cpp */ = {isa = PBXFileReference; lastKnownFileType = sourcecode.cpp.cpp; path = main.cpp; sourceTree = "<group>"; };
		C2071E871C15CBD700648169 /* OpenGL.framework */ = {isa = PBXFileReference; lastKnownFileType = wrapper.framework; name = OpenGL.framework; path = System/Library/Frameworks/OpenGL.framework; sourceTree = SDKROOT; };
		C2071E8B1C15CE9300648169 /* Triangle.h */ = {isa = PBXFileReference; lastKnownFileType = sourcecode.c.h; path = Triangle.h; sourceTree = "<group>"; };
		C2071E8D1C15D29100648169 /* Vector2D.h */ = {isa = PBXFileReference; lastKnownFileType = sourcecode.c.h; path = Vector2D.h; sourceTree = "<group>"; };
		C2071E8E1C15D2A500648169 /* Math.h */ = {isa = PBXFileReference; lastKnownFileType = sourcecode.c.h; path = Math.h; sourceTree = "<group>"; };
		C2071E8F1C15D2BB00648169 /* Vector3D.h */ = {isa = PBXFileReference; lastKnownFileType = sourcecode.c.h; path = Vector3D.h; sourceTree = "<group>"; };
		C2071E911C15D2F300648169 /* Types.h */ = {isa = PBXFileReference; lastKnownFileType = sourcecode.c.h; path = Types.h; sourceTree = "<group>"; };
		C2071E921C15D67A00648169 /* Graphics.cpp */ = {isa = PBXFileReference; fileEncoding = 4; lastKnownFileType = sourcecode.cpp.cpp; path = Graphics.cpp; sourceTree = "<group>"; };
		C2071E931C15D67A00648169 /* Graphics.hpp */ = {isa = PBXFileReference; fileEncoding = 4; lastKnownFileType = sourcecode.cpp.h; path = Graphics.hpp; sourceTree = "<group>"; };
		C2071E961C15E18600648169 /* Rect.h */ = {isa = PBXFileReference; fileEncoding = 4; lastKnownFileType = sourcecode.c.h; path = Rect.h; sourceTree = "<group>"; };
		C217295E1C1AEC1B00E2869A /* Font.cpp */ = {isa = PBXFileReference; fileEncoding = 4; lastKnownFileType = sourcecode.cpp.cpp; path = Font.cpp; sourceTree = "<group>"; };
		C217295F1C1AEC1B00E2869A /* Font.hpp */ = {isa = PBXFileReference; fileEncoding = 4; lastKnownFileType = sourcecode.cpp.h; path = Font.hpp; sourceTree = "<group>"; };
		C228EE151C50DC3C00573F88 /* libglfw.dylib */ = {isa = PBXFileReference; lastKnownFileType = "compiled.mach-o.dylib"; name = libglfw.dylib; path = lib/libglfw.dylib; sourceTree = "<group>"; };
		C29A570A1C19EC9600A626CE /* Colour.h */ = {isa = PBXFileReference; lastKnownFileType = sourcecode.c.h; path = Colour.h; sourceTree = "<group>"; };
		C2A04FE01C4FE1BD0082FE27 /* image_DXT.c */ = {isa = PBXFileReference; lastKnownFileType = sourcecode.c.c; name = image_DXT.c; path = include/SOIL/image_DXT.c; sourceTree = "<group>"; };
		C2A04FE11C4FE1BD0082FE27 /* image_helper.c */ = {isa = PBXFileReference; lastKnownFileType = sourcecode.c.c; name = image_helper.c; path = include/SOIL/image_helper.c; sourceTree = "<group>"; };
		C2A04FE21C4FE1BD0082FE27 /* SOIL.c */ = {isa = PBXFileReference; lastKnownFileType = sourcecode.c.c; name = SOIL.c; path = include/SOIL/SOIL.c; sourceTree = "<group>"; };
		C2A04FE31C4FE1BD0082FE27 /* stb_image_aug.c */ = {isa = PBXFileReference; lastKnownFileType = sourcecode.c.c; name = stb_image_aug.c; path = include/SOIL/stb_image_aug.c; sourceTree = "<group>"; };
		C2FF281F1C19CFB20094E154 /* Image.cpp */ = {isa = PBXFileReference; fileEncoding = 4; lastKnownFileType = sourcecode.cpp.cpp; path = Image.cpp; sourceTree = "<group>"; };
		C2FF28201C19CFB20094E154 /* Image.hpp */ = {isa = PBXFileReference; fileEncoding = 4; lastKnownFileType = sourcecode.cpp.h; path = Image.hpp; sourceTree = "<group>"; };
/* End PBXFileReference section */

/* Begin PBXFrameworksBuildPhase section */
		C2071E7A1C15CBBE00648169 /* Frameworks */ = {
			isa = PBXFrameworksBuildPhase;
			buildActionMask = 2147483647;
			files = (
				C228EE161C50DC3C00573F88 /* libglfw.dylib in Frameworks */,
				C2071E881C15CBD700648169 /* OpenGL.framework in Frameworks */,
			);
			runOnlyForDeploymentPostprocessing = 0;
		};
/* End PBXFrameworksBuildPhase section */

/* Begin PBXGroup section */
		C20671A91C1736630006C6B1 /* Types */ = {
			isa = PBXGroup;
			children = (
				C2071E911C15D2F300648169 /* Types.h */,
				C29A570A1C19EC9600A626CE /* Colour.h */,
				C20671AA1C176EF50006C6B1 /* Poly.h */,
				C2071E8B1C15CE9300648169 /* Triangle.h */,
				C2071E961C15E18600648169 /* Rect.h */,
				C2FF281F1C19CFB20094E154 /* Image.cpp */,
				C2FF28201C19CFB20094E154 /* Image.hpp */,
				C217295E1C1AEC1B00E2869A /* Font.cpp */,
				C217295F1C1AEC1B00E2869A /* Font.hpp */,
			);
			name = Types;
			sourceTree = "<group>";
		};
		C20671AE1C1794130006C6B1 /* Core */ = {
			isa = PBXGroup;
			children = (
				C20671B01C184FA70006C6B1 /* Runner.cpp */,
				C20671B11C184FA70006C6B1 /* Runner.hpp */,
				C20671B31C184FCC0006C6B1 /* BaseCore.cpp */,
				C20671B41C184FCC0006C6B1 /* BaseCore.hpp */,
				C2071E901C15D2DA00648169 /* Math */,
				C20671A91C1736630006C6B1 /* Types */,
				C20671B61C1855130006C6B1 /* Graphics */,
			);
			name = Core;
			sourceTree = "<group>";
		};
		C20671B61C1855130006C6B1 /* Graphics */ = {
			isa = PBXGroup;
			children = (
				C2071E921C15D67A00648169 /* Graphics.cpp */,
				C2071E931C15D67A00648169 /* Graphics.hpp */,
			);
			name = Graphics;
			sourceTree = "<group>";
		};
		C2071E741C15CBBE00648169 = {
			isa = PBXGroup;
			children = (
				C228EE151C50DC3C00573F88 /* libglfw.dylib */,
				C2A04FE81C4FE1C20082FE27 /* SOIL */,
				C2071E871C15CBD700648169 /* OpenGL.framework */,
				C2071E7F1C15CBBE00648169 /* GLFW3 */,
				C2071E7E1C15CBBE00648169 /* Products */,
			);
			sourceTree = "<group>";
		};
		C2071E7E1C15CBBE00648169 /* Products */ = {
			isa = PBXGroup;
			children = (
				C2071E7D1C15CBBE00648169 /* GLFW3 */,
			);
			name = Products;
			sourceTree = "<group>";
		};
		C2071E7F1C15CBBE00648169 /* GLFW3 */ = {
			isa = PBXGroup;
			children = (
				C2071E801C15CBBE00648169 /* main.cpp */,
				C20671AB1C1792770006C6B1 /* Core.cpp */,
				C20671AC1C1792770006C6B1 /* Core.hpp */,
				C20671AE1C1794130006C6B1 /* Core */,
			);
			path = GLFW3;
			sourceTree = "<group>";
		};
		C2071E901C15D2DA00648169 /* Math */ = {
			isa = PBXGroup;
			children = (
				C2071E8E1C15D2A500648169 /* Math.h */,
				C2071E8D1C15D29100648169 /* Vector2D.h */,
				C2071E8F1C15D2BB00648169 /* Vector3D.h */,
			);
			name = Math;
			sourceTree = "<group>";
		};
		C2A04FE81C4FE1C20082FE27 /* SOIL */ = {
			isa = PBXGroup;
			children = (
				C2A04FE01C4FE1BD0082FE27 /* image_DXT.c */,
				C2A04FE11C4FE1BD0082FE27 /* image_helper.c */,
				C2A04FE21C4FE1BD0082FE27 /* SOIL.c */,
				C2A04FE31C4FE1BD0082FE27 /* stb_image_aug.c */,
			);
			name = SOIL;
			sourceTree = "<group>";
		};
/* End PBXGroup section */

/* Begin PBXNativeTarget section */
		C2071E7C1C15CBBE00648169 /* GLFW3 */ = {
			isa = PBXNativeTarget;
			buildConfigurationList = C2071E841C15CBBE00648169 /* Build configuration list for PBXNativeTarget "GLFW3" */;
			buildPhases = (
				C2071E791C15CBBE00648169 /* Sources */,
				C2071E7A1C15CBBE00648169 /* Frameworks */,
				C2071E7B1C15CBBE00648169 /* CopyFiles */,
			);
			buildRules = (
			);
			dependencies = (
			);
			name = GLFW3;
			productName = GLFW3;
			productReference = C2071E7D1C15CBBE00648169 /* GLFW3 */;
			productType = "com.apple.product-type.tool";
		};
/* End PBXNativeTarget section */

/* Begin PBXProject section */
		C2071E751C15CBBE00648169 /* Project object */ = {
			isa = PBXProject;
			attributes = {
				LastUpgradeCheck = 0700;
				ORGANIZATIONNAME = WillMeaton.uk;
				TargetAttributes = {
					C2071E7C1C15CBBE00648169 = {
						CreatedOnToolsVersion = 7.0;
					};
				};
			};
			buildConfigurationList = C2071E781C15CBBE00648169 /* Build configuration list for PBXProject "GLFW3" */;
			compatibilityVersion = "Xcode 3.2";
			developmentRegion = English;
			hasScannedForEncodings = 0;
			knownRegions = (
				en,
			);
			mainGroup = C2071E741C15CBBE00648169;
			productRefGroup = C2071E7E1C15CBBE00648169 /* Products */;
			projectDirPath = "";
			projectRoot = "";
			targets = (
				C2071E7C1C15CBBE00648169 /* GLFW3 */,
			);
		};
/* End PBXProject section */

/* Begin PBXSourcesBuildPhase section */
		C2071E791C15CBBE00648169 /* Sources */ = {
			isa = PBXSourcesBuildPhase;
			buildActionMask = 2147483647;
			files = (
				C2A04FE41C4FE1BD0082FE27 /* image_DXT.c in Sources */,
				C2A04FE51C4FE1BD0082FE27 /* image_helper.c in Sources */,
				C2A04FE61C4FE1BD0082FE27 /* SOIL.c in Sources */,
				C2A04FE71C4FE1BD0082FE27 /* stb_image_aug.c in Sources */,
				C20671B51C184FCC0006C6B1 /* BaseCore.cpp in Sources */,
				C20671B21C184FA70006C6B1 /* Runner.cpp in Sources */,
				C21729601C1AEC1B00E2869A /* Font.cpp in Sources */,
				C2071E941C15D67A00648169 /* Graphics.cpp in Sources */,
				C20671AD1C1792770006C6B1 /* Core.cpp in Sources */,
				C2071E811C15CBBE00648169 /* main.cpp in Sources */,
				C2FF28211C19CFB20094E154 /* Image.cpp in Sources */,
			);
			runOnlyForDeploymentPostprocessing = 0;
		};
/* End PBXSourcesBuildPhase section */

/* Begin XCBuildConfiguration section */
		C2071E821C15CBBE00648169 /* Debug */ = {
			isa = XCBuildConfiguration;
			buildSettings = {
				ALWAYS_SEARCH_USER_PATHS = NO;
				CLANG_CXX_LANGUAGE_STANDARD = "gnu++0x";
				CLANG_CXX_LIBRARY = "libc++";
				CLANG_ENABLE_MODULES = YES;
				CLANG_ENABLE_OBJC_ARC = YES;
				CLANG_WARN_BOOL_CONVERSION = YES;
				CLANG_WARN_CONSTANT_CONVERSION = YES;
				CLANG_WARN_DIRECT_OBJC_ISA_USAGE = YES_ERROR;
				CLANG_WARN_EMPTY_BODY = YES;
				CLANG_WARN_ENUM_CONVERSION = YES;
				CLANG_WARN_INT_CONVERSION = YES;
				CLANG_WARN_OBJC_ROOT_CLASS = YES_ERROR;
				CLANG_WARN_UNREACHABLE_CODE = YES;
				CLANG_WARN__DUPLICATE_METHOD_MATCH = YES;
				COPY_PHASE_STRIP = NO;
				DEBUG_INFORMATION_FORMAT = dwarf;
				ENABLE_STRICT_OBJC_MSGSEND = YES;
				ENABLE_TESTABILITY = YES;
				GCC_C_LANGUAGE_STANDARD = gnu99;
				GCC_DYNAMIC_NO_PIC = NO;
				GCC_NO_COMMON_BLOCKS = YES;
				GCC_OPTIMIZATION_LEVEL = 0;
				GCC_PREPROCESSOR_DEFINITIONS = (
					"DEBUG=1",
					"$(inherited)",
				);
				GCC_WARN_64_TO_32_BIT_CONVERSION = YES;
				GCC_WARN_ABOUT_RETURN_TYPE = YES_ERROR;
				GCC_WARN_UNDECLARED_SELECTOR = YES;
				GCC_WARN_UNINITIALIZED_AUTOS = YES_AGGRESSIVE;
				GCC_WARN_UNUSED_FUNCTION = YES;
				GCC_WARN_UNUSED_VARIABLE = YES;
				MACOSX_DEPLOYMENT_TARGET = 10.7;
				MTL_ENABLE_DEBUG_INFO = YES;
				ONLY_ACTIVE_ARCH = YES;
				SDKROOT = macosx;
			};
			name = Debug;
		};
		C2071E831C15CBBE00648169 /* Release */ = {
			isa = XCBuildConfiguration;
			buildSettings = {
				ALWAYS_SEARCH_USER_PATHS = NO;
				CLANG_CXX_LANGUAGE_STANDARD = "gnu++0x";
				CLANG_CXX_LIBRARY = "libc++";
				CLANG_ENABLE_MODULES = YES;
				CLANG_ENABLE_OBJC_ARC = YES;
				CLANG_WARN_BOOL_CONVERSION = YES;
				CLANG_WARN_CONSTANT_CONVERSION = YES;
				CLANG_WARN_DIRECT_OBJC_ISA_USAGE = YES_ERROR;
				CLANG_WARN_EMPTY_BODY = YES;
				CLANG_WARN_ENUM_CONVERSION = YES;
				CLANG_WARN_INT_CONVERSION = YES;
				CLANG_WARN_OBJC_ROOT_CLASS = YES_ERROR;
				CLANG_WARN_UNREACHABLE_CODE = YES;
				CLANG_WARN__DUPLICATE_METHOD_MATCH = YES;
				COPY_PHASE_STRIP = NO;
				DEBUG_INFORMATION_FORMAT = "dwarf-with-dsym";
				ENABLE_NS_ASSERTIONS = NO;
				ENABLE_STRICT_OBJC_MSGSEND = YES;
				GCC_C_LANGUAGE_STANDARD = gnu99;
				GCC_NO_COMMON_BLOCKS = YES;
				GCC_WARN_64_TO_32_BIT_CONVERSION = YES;
				GCC_WARN_ABOUT_RETURN_TYPE = YES_ERROR;
				GCC_WARN_UNDECLARED_SELECTOR = YES;
				GCC_WARN_UNINITIALIZED_AUTOS = YES_AGGRESSIVE;
				GCC_WARN_UNUSED_FUNCTION = YES;
				GCC_WARN_UNUSED_VARIABLE = YES;
				MACOSX_DEPLOYMENT_TARGET = 10.7;
				MTL_ENABLE_DEBUG_INFO = NO;
				SDKROOT = macosx;
			};
			name = Release;
		};
		C2071E851C15CBBE00648169 /* Debug */ = {
			isa = XCBuildConfiguration;
			buildSettings = {
				ALWAYS_SEARCH_USER_PATHS = NO;
				HEADER_SEARCH_PATHS = (
					/usr/local/include,
					"$(PROJECT_DIR)/include",
				);
				LIBRARY_SEARCH_PATHS = (
					"$(PROJECT_DIR)/lib/**",
					"$(PROJECT_DIR)/lib",
				);
				OTHER_LDFLAGS = "";
				PRODUCT_NAME = "$(TARGET_NAME)";
			};
			name = Debug;
		};
		C2071E861C15CBBE00648169 /* Release */ = {
			isa = XCBuildConfiguration;
			buildSettings = {
				ALWAYS_SEARCH_USER_PATHS = NO;
				HEADER_SEARCH_PATHS = (
					/usr/local/include,
					"$(PROJECT_DIR)/include",
				);
				LIBRARY_SEARCH_PATHS = (
					"$(PROJECT_DIR)/lib/**",
					"$(PROJECT_DIR)/lib",
				);
				OTHER_LDFLAGS = "";
				PRODUCT_NAME = "$(TARGET_NAME)";
			};
			name = Release;
		};
/* End XCBuildConfiguration section */

/* Begin XCConfigurationList section */
		C2071E781C15CBBE00648169 /* Build configuration list for PBXProject "GLFW3" */ = {
			isa = XCConfigurationList;
			buildConfigurations = (
				C2071E821C15CBBE00648169 /* Debug */,
				C2071E831C15CBBE00648169 /* Release */,
			);
			defaultConfigurationIsVisible = 0;
			defaultConfigurationName = Release;
		};
		C2071E841C15CBBE00648169 /* Build configuration list for PBXNativeTarget "GLFW3" */ = {
			isa = XCConfigurationList;
			buildConfigurations = (
				C2071E851C15CBBE00648169 /* Debug */,
				C2071E861C15CBBE00648169 /* Release */,
			);
			defaultConfigurationIsVisible = 0;
			defaultConfigurationName = Release;
		};
/* End XCConfigurationList section */
	};
	rootObject = C2071E751C15CBBE00648169 /* Project object */;
}
